
Microsoft Visual Studio Solution File, Format Version 12.00
# Visual Studio Version 16
VisualStudioVersion = 16.0.31025.194
MinimumVisualStudioVersion = 10.0.40219.1
Project("{FAE04EC0-301F-11D3-BF4B-00C04F79EFBC}") = "ScadaGUI", "ScadaGUI\ScadaGUI.csproj", "{D1C04F43-18DF-4ED7-95A3-F1D42E03574D}"
EndProject
Project("{FAE04EC0-301F-11D3-BF4B-00C04F79EFBC}") = "PLCSimulator", "PLCSimulator\PLCSimulator.csproj", "{D329470C-25D1-4408-866A-26F7F10ECBFF}"
EndProject
Project("{FAE04EC0-301F-11D3-BF4B-00C04F79EFBC}") = "DataConcentrator", "DataConcentrator\DataConcentrator.csproj", "{22AFABC5-0709-4660-A770-5CCFAB5CAE3C}"
EndProject
Global
	GlobalSection(SolutionConfigurationPlatforms) = preSolution
		Debug|Any CPU = Debug|Any CPU
		Release|Any CPU = Release|Any CPU
	EndGlobalSection
	GlobalSection(ProjectConfigurationPlatforms) = postSolution
		{D1C04F43-18DF-4ED7-95A3-F1D42E03574D}.Debug|Any CPU.ActiveCfg = Debug|Any CPU
		{D1C04F43-18DF-4ED7-95A3-F1D42E03574D}.Debug|Any CPU.Build.0 = Debug|Any CPU
		{D1C04F43-18DF-4ED7-95A3-F1D42E03574D}.Release|Any CPU.ActiveCfg = Release|Any CPU
		{D1C04F43-18DF-4ED7-95A3-F1D42E03574D}.Release|Any CPU.Build.0 = Release|Any CPU
		{D329470C-25D1-4408-866A-26F7F10ECBFF}.Debug|Any CPU.ActiveCfg = Debug|Any CPU
		{D329470C-25D1-4408-866A-26F7F10ECBFF}.Debug|Any CPU.Build.0 = Debug|Any CPU
		{D329470C-25D1-4408-866A-26F7F10ECBFF}.Release|Any CPU.ActiveCfg = Release|Any CPU
		{D329470C-25D1-4408-866A-26F7F10ECBFF}.Release|Any CPU.Build.0 = Release|Any CPU
		{22AFABC5-0709-4660-A770-5CCFAB5CAE3C}.Debug|Any CPU.ActiveCfg = Debug|Any CPU
		{22AFABC5-0709-4660-A770-5CCFAB5CAE3C}.Debug|Any CPU.Build.0 = Debug|Any CPU
		{22AFABC5-0709-4660-A770-5CCFAB5CAE3C}.Release|Any CPU.ActiveCfg = Release|Any CPU
		{22AFABC5-0709-4660-A770-5CCFAB5CAE3C}.Release|Any CPU.Build.0 = Release|Any CPU
	EndGlobalSection
	GlobalSection(SolutionProperties) = preSolution
		HideSolutionNode = FALSE
	EndGlobalSection
	GlobalSection(ExtensibilityGlobals) = postSolution
		SolutionGuid = {80F0097B-1CE3-4062-9941-5494BAA21927}
	EndGlobalSection
EndGlobal
